
Microsoft Visual Studio Solution File, Format Version 12.00
# Visual Studio Version 17
VisualStudioVersion = 17.10.35013.160
MinimumVisualStudioVersion = 10.0.40219.1
Project("{8BC9CEB8-8B4A-11D0-8D11-00A0C91BC942}") = "Roman to Int", "Roman to Int.vcxproj", "{A3836DC1-088C-41B7-87E5-C6FF28B578E5}"
EndProject
Global
	GlobalSection(SolutionConfigurationPlatforms) = preSolution
		Debug|x64 = Debug|x64
		Debug|x86 = Debug|x86
		Release|x64 = Release|x64
		Release|x86 = Release|x86
	EndGlobalSection
	GlobalSection(ProjectConfigurationPlatforms) = postSolution
		{A3836DC1-088C-41B7-87E5-C6FF28B578E5}.Debug|x64.ActiveCfg = Debug|x64
		{A3836DC1-088C-41B7-87E5-C6FF28B578E5}.Debug|x64.Build.0 = Debug|x64
		{A3836DC1-088C-41B7-87E5-C6FF28B578E5}.Debug|x86.ActiveCfg = Debug|Win32
		{A3836DC1-088C-41B7-87E5-C6FF28B578E5}.Debug|x86.Build.0 = Debug|Win32
		{A3836DC1-088C-41B7-87E5-C6FF28B578E5}.Release|x64.ActiveCfg = Release|x64
		{A3836DC1-088C-41B7-87E5-C6FF28B578E5}.Release|x64.Build.0 = Release|x64
		{A3836DC1-088C-41B7-87E5-C6FF28B578E5}.Release|x86.ActiveCfg = Release|Win32
		{A3836DC1-088C-41B7-87E5-C6FF28B578E5}.Release|x86.Build.0 = Release|Win32
	EndGlobalSection
	GlobalSection(SolutionProperties) = preSolution
		HideSolutionNode = FALSE
	EndGlobalSection
	GlobalSection(ExtensibilityGlobals) = postSolution
		SolutionGuid = {4BFBEC47-DB02-4826-A928-41AFA0E0D4CC}
	EndGlobalSection
EndGlobal
